<Solution>
  <Project Path="../../src/CarpaNet.BuildTasks/CarpaNet.BuildTasks.csproj" />
  <Project Path="../../src/CarpaNet.OAuth/CarpaNet.OAuth.csproj" />
  <Project Path="../../src/CarpaNet.SourceGen/CarpaNet.SourceGen.csproj" />
  <Project Path="../../src/CarpaNet/CarpaNet.csproj" />
  <Project Path="StandardSiteGen.csproj" />
</Solution>